
Microsoft Visual Studio Solution File, Format Version 12.00
# Visual Studio 2012
Project("{FAE04EC0-301F-11D3-BF4B-00C04F79EFBC}") = "Claytondus.AmazonMWS", "Claytondus.AmazonMWS\Claytondus.AmazonMWS.csproj", "{DDF8858A-229B-4A4D-93DF-BFCCC9EAB767}"
EndProject
Global
	GlobalSection(SolutionConfigurationPlatforms) = preSolution
		Debug|Any CPU = Debug|Any CPU
		Release|Any CPU = Release|Any CPU
	EndGlobalSection
	GlobalSection(ProjectConfigurationPlatforms) = postSolution
		{DDF8858A-229B-4A4D-93DF-BFCCC9EAB767}.Debug|Any CPU.ActiveCfg = Debug|Any CPU
		{DDF8858A-229B-4A4D-93DF-BFCCC9EAB767}.Debug|Any CPU.Build.0 = Debug|Any CPU
		{DDF8858A-229B-4A4D-93DF-BFCCC9EAB767}.Release|Any CPU.ActiveCfg = Release|Any CPU
		{DDF8858A-229B-4A4D-93DF-BFCCC9EAB767}.Release|Any CPU.Build.0 = Release|Any CPU
	EndGlobalSection
EndGlobal
