Microsoft Visual Studio Solution File, Format Version 12.00
# Visual Studio 15
VisualStudioVersion = 15.0.27130.2036
MinimumVisualStudioVersion = 10.0.40219.1
Project("{9A19103F-16F7-4668-BE54-9A1E7A4F7556}") = "Claytondus.AmazonMWS", "Claytondus.AmazonMWS\Claytondus.AmazonMWS.csproj", "{DDF8858A-229B-4A4D-93DF-BFCCC9EAB767}"
EndProject
Project("{9A19103F-16F7-4668-BE54-9A1E7A4F7556}") = "Claytondus.AmazonMWS.Feeds", "Claytondus.AmazonMWS.Feeds\Claytondus.AmazonMWS.Feeds.csproj", "{DCB37294-F700-44C6-A4AC-ADA76B1008C7}"
EndProject
Project("{9A19103F-16F7-4668-BE54-9A1E7A4F7556}") = "Claytondus.AmazonMWS.FbaInbound", "Claytondus.AmazonMWS.FbaInbound\Claytondus.AmazonMWS.FbaInbound.csproj", "{3214F597-25B2-401B-9BD2-8094A2A73654}"
EndProject
Project("{9A19103F-16F7-4668-BE54-9A1E7A4F7556}") = "Claytondus.AmazonMWS.Runtime", "Claytondus.AmazonMWS.Runtime\Claytondus.AmazonMWS.Runtime.csproj", "{7F93154D-BBE9-4A01-89DA-86E5C5411262}"
EndProject
Project("{9A19103F-16F7-4668-BE54-9A1E7A4F7556}") = "Claytondus.AmazonMWS.Products", "Claytondus.AmazonMWS.Products\Claytondus.AmazonMWS.Products.csproj", "{A242FC8F-3A90-4D00-BD3B-4137B89DB718}"
EndProject
Project("{9A19103F-16F7-4668-BE54-9A1E7A4F7556}") = "Claytondus.AmazonMWS.Products.Test", "Claytondus.AmazonMWS.Products.Test\Claytondus.AmazonMWS.Products.Test.csproj", "{69CEC11C-8F77-4FD0-9A7A-05208E57F88B}"
EndProject
Project("{9A19103F-16F7-4668-BE54-9A1E7A4F7556}") = "Claytondus.AmazonMWS.FbaInbound.Test", "Claytondus.AmazonMWS.FbaInbound.Test\Claytondus.AmazonMWS.FbaInbound.Test.csproj", "{77B82F86-772C-41AE-90C9-AAD0BBF0743B}"
EndProject
Project("{9A19103F-16F7-4668-BE54-9A1E7A4F7556}") = "Claytondus.AmazonMWS.Orders", "Claytondus.AmazonMWS.Orders\Claytondus.AmazonMWS.Orders.csproj", "{5508FCB4-2431-4877-8769-606AC29DE228}"
EndProject
Project("{9A19103F-16F7-4668-BE54-9A1E7A4F7556}") = "Claytondus.AmazonMWS.Orders.Test", "Claytondus.AmazonMWS.Orders.Test\Claytondus.AmazonMWS.Orders.Test.csproj", "{27A98901-FFF6-47DD-B9DE-D1D4DDE6A4E6}"
EndProject
Project("{9A19103F-16F7-4668-BE54-9A1E7A4F7556}") = "Claytondus.AmazonMWS.FbaOutbound", "Claytondus.AmazonMWS.FbaOutbound\Claytondus.AmazonMWS.FbaOutbound.csproj", "{D27EB9CA-FCF5-4682-B6E6-87A9F8BF29CC}"
EndProject
Project("{9A19103F-16F7-4668-BE54-9A1E7A4F7556}") = "Claytondus.AmazonMWS.FbaOutbound.Test", "Claytondus.AmazonMWS.FbaOutbound.Test\Claytondus.AmazonMWS.FbaOutbound.Test.csproj", "{4EB1B679-B583-47EC-9F35-36E3F15238AD}"
EndProject
Project("{9A19103F-16F7-4668-BE54-9A1E7A4F7556}") = "Claytondus.AmazonMWS.MerchantFulfillment", "Claytondus.AmazonMWS.MerchantFulfillment\Claytondus.AmazonMWS.MerchantFulfillment.csproj", "{84709E07-E45F-458B-B372-E6059B7D9D02}"
EndProject
Project("{9A19103F-16F7-4668-BE54-9A1E7A4F7556}") = "Claytondus.AmazonMWS.MerchantFulfillment.Test", "Claytondus.AmazonMWS.MerchantFulfillment.Test\Claytondus.AmazonMWS.MerchantFulfillment.Test.csproj", "{D6FC5C69-DB5D-4FC7-942B-44F1D2ACEBC8}"
EndProject
Project("{9A19103F-16F7-4668-BE54-9A1E7A4F7556}") = "Claytondus.AmazonMWS.Finances", "Claytondus.AmazonMWS.Finances\Claytondus.AmazonMWS.Finances.csproj", "{5CC223E7-C4EC-43F7-B7EB-5896EC266838}"
EndProject
Project("{9A19103F-16F7-4668-BE54-9A1E7A4F7556}") = "Claytondus.AmazonMWS.Finances.Test", "Claytondus.AmazonMWS.Finances.Test\Claytondus.AmazonMWS.Finances.Test.csproj", "{91424C92-97AB-4CAE-B5CB-3561B86CD29C}"
EndProject
Project("{9A19103F-16F7-4668-BE54-9A1E7A4F7556}") = "Claytondus.AmazonMWS.Sellers", "Claytondus.AmazonMWS.Sellers\Claytondus.AmazonMWS.Sellers.csproj", "{8E70C39D-3EF1-4867-80FB-F66519542D04}"
EndProject
Project("{9A19103F-16F7-4668-BE54-9A1E7A4F7556}") = "Claytondus.AmazonMWS.Sellers.Test", "Claytondus.AmazonMWS.Sellers.Test\Claytondus.AmazonMWS.Sellers.Test.csproj", "{6C5F9B5D-0EC8-407E-A891-8C785E1C31D8}"
EndProject
Project("{9A19103F-16F7-4668-BE54-9A1E7A4F7556}") = "Claytondus.AmazonMWS.FbaInventory", "Claytondus.AmazonMWS.FbaInventory\Claytondus.AmazonMWS.FbaInventory.csproj", "{B936ADE1-F699-4455-ACF7-C8004B96C99F}"
EndProject
Project("{9A19103F-16F7-4668-BE54-9A1E7A4F7556}") = "Claytondus.AmazonMWS.FbaInventory.Test", "Claytondus.AmazonMWS.FbaInventory.Test\Claytondus.AmazonMWS.FbaInventory.Test.csproj", "{C7DEB422-36CC-4EFF-8F02-59BF5C68FE20}"
EndProject
Project("{FAE04EC0-301F-11D3-BF4B-00C04F79EFBC}") = "Claytondus.AmazonMWS.Feeds.Test", "Claytondus.AmazonMWS.Feeds.Test\Claytondus.AmazonMWS.Feeds.Test.csproj", "{B76667EF-8CB7-440F-97E1-1C839AEE0CB4}"
EndProject
Global
	GlobalSection(SolutionConfigurationPlatforms) = preSolution
		Debug|Any CPU = Debug|Any CPU
		Release|Any CPU = Release|Any CPU
	EndGlobalSection
	GlobalSection(ProjectConfigurationPlatforms) = postSolution
		{DDF8858A-229B-4A4D-93DF-BFCCC9EAB767}.Debug|Any CPU.ActiveCfg = Debug|Any CPU
		{DDF8858A-229B-4A4D-93DF-BFCCC9EAB767}.Debug|Any CPU.Build.0 = Debug|Any CPU
		{DDF8858A-229B-4A4D-93DF-BFCCC9EAB767}.Release|Any CPU.ActiveCfg = Release|Any CPU
		{DDF8858A-229B-4A4D-93DF-BFCCC9EAB767}.Release|Any CPU.Build.0 = Release|Any CPU
		{DCB37294-F700-44C6-A4AC-ADA76B1008C7}.Debug|Any CPU.ActiveCfg = Debug|Any CPU
		{DCB37294-F700-44C6-A4AC-ADA76B1008C7}.Debug|Any CPU.Build.0 = Debug|Any CPU
		{DCB37294-F700-44C6-A4AC-ADA76B1008C7}.Release|Any CPU.ActiveCfg = Release|Any CPU
		{DCB37294-F700-44C6-A4AC-ADA76B1008C7}.Release|Any CPU.Build.0 = Release|Any CPU
		{3214F597-25B2-401B-9BD2-8094A2A73654}.Debug|Any CPU.ActiveCfg = Debug|Any CPU
		{3214F597-25B2-401B-9BD2-8094A2A73654}.Debug|Any CPU.Build.0 = Debug|Any CPU
		{3214F597-25B2-401B-9BD2-8094A2A73654}.Release|Any CPU.ActiveCfg = Release|Any CPU
		{3214F597-25B2-401B-9BD2-8094A2A73654}.Release|Any CPU.Build.0 = Release|Any CPU
		{7F93154D-BBE9-4A01-89DA-86E5C5411262}.Debug|Any CPU.ActiveCfg = Debug|Any CPU
		{7F93154D-BBE9-4A01-89DA-86E5C5411262}.Debug|Any CPU.Build.0 = Debug|Any CPU
		{7F93154D-BBE9-4A01-89DA-86E5C5411262}.Release|Any CPU.ActiveCfg = Release|Any CPU
		{7F93154D-BBE9-4A01-89DA-86E5C5411262}.Release|Any CPU.Build.0 = Release|Any CPU
		{A242FC8F-3A90-4D00-BD3B-4137B89DB718}.Debug|Any CPU.ActiveCfg = Debug|Any CPU
		{A242FC8F-3A90-4D00-BD3B-4137B89DB718}.Debug|Any CPU.Build.0 = Debug|Any CPU
		{A242FC8F-3A90-4D00-BD3B-4137B89DB718}.Release|Any CPU.ActiveCfg = Release|Any CPU
		{A242FC8F-3A90-4D00-BD3B-4137B89DB718}.Release|Any CPU.Build.0 = Release|Any CPU
		{69CEC11C-8F77-4FD0-9A7A-05208E57F88B}.Debug|Any CPU.ActiveCfg = Debug|Any CPU
		{69CEC11C-8F77-4FD0-9A7A-05208E57F88B}.Debug|Any CPU.Build.0 = Debug|Any CPU
		{69CEC11C-8F77-4FD0-9A7A-05208E57F88B}.Release|Any CPU.ActiveCfg = Release|Any CPU
		{69CEC11C-8F77-4FD0-9A7A-05208E57F88B}.Release|Any CPU.Build.0 = Release|Any CPU
		{77B82F86-772C-41AE-90C9-AAD0BBF0743B}.Debug|Any CPU.ActiveCfg = Debug|Any CPU
		{77B82F86-772C-41AE-90C9-AAD0BBF0743B}.Debug|Any CPU.Build.0 = Debug|Any CPU
		{77B82F86-772C-41AE-90C9-AAD0BBF0743B}.Release|Any CPU.ActiveCfg = Release|Any CPU
		{77B82F86-772C-41AE-90C9-AAD0BBF0743B}.Release|Any CPU.Build.0 = Release|Any CPU
		{5508FCB4-2431-4877-8769-606AC29DE228}.Debug|Any CPU.ActiveCfg = Debug|Any CPU
		{5508FCB4-2431-4877-8769-606AC29DE228}.Debug|Any CPU.Build.0 = Debug|Any CPU
		{5508FCB4-2431-4877-8769-606AC29DE228}.Release|Any CPU.ActiveCfg = Release|Any CPU
		{5508FCB4-2431-4877-8769-606AC29DE228}.Release|Any CPU.Build.0 = Release|Any CPU
		{27A98901-FFF6-47DD-B9DE-D1D4DDE6A4E6}.Debug|Any CPU.ActiveCfg = Debug|Any CPU
		{27A98901-FFF6-47DD-B9DE-D1D4DDE6A4E6}.Debug|Any CPU.Build.0 = Debug|Any CPU
		{27A98901-FFF6-47DD-B9DE-D1D4DDE6A4E6}.Release|Any CPU.ActiveCfg = Release|Any CPU
		{27A98901-FFF6-47DD-B9DE-D1D4DDE6A4E6}.Release|Any CPU.Build.0 = Release|Any CPU
		{D27EB9CA-FCF5-4682-B6E6-87A9F8BF29CC}.Debug|Any CPU.ActiveCfg = Debug|Any CPU
		{D27EB9CA-FCF5-4682-B6E6-87A9F8BF29CC}.Debug|Any CPU.Build.0 = Debug|Any CPU
		{D27EB9CA-FCF5-4682-B6E6-87A9F8BF29CC}.Release|Any CPU.ActiveCfg = Release|Any CPU
		{D27EB9CA-FCF5-4682-B6E6-87A9F8BF29CC}.Release|Any CPU.Build.0 = Release|Any CPU
		{4EB1B679-B583-47EC-9F35-36E3F15238AD}.Debug|Any CPU.ActiveCfg = Debug|Any CPU
		{4EB1B679-B583-47EC-9F35-36E3F15238AD}.Debug|Any CPU.Build.0 = Debug|Any CPU
		{4EB1B679-B583-47EC-9F35-36E3F15238AD}.Release|Any CPU.ActiveCfg = Release|Any CPU
		{4EB1B679-B583-47EC-9F35-36E3F15238AD}.Release|Any CPU.Build.0 = Release|Any CPU
		{84709E07-E45F-458B-B372-E6059B7D9D02}.Debug|Any CPU.ActiveCfg = Debug|Any CPU
		{84709E07-E45F-458B-B372-E6059B7D9D02}.Debug|Any CPU.Build.0 = Debug|Any CPU
		{84709E07-E45F-458B-B372-E6059B7D9D02}.Release|Any CPU.ActiveCfg = Release|Any CPU
		{84709E07-E45F-458B-B372-E6059B7D9D02}.Release|Any CPU.Build.0 = Release|Any CPU
		{D6FC5C69-DB5D-4FC7-942B-44F1D2ACEBC8}.Debug|Any CPU.ActiveCfg = Debug|Any CPU
		{D6FC5C69-DB5D-4FC7-942B-44F1D2ACEBC8}.Debug|Any CPU.Build.0 = Debug|Any CPU
		{D6FC5C69-DB5D-4FC7-942B-44F1D2ACEBC8}.Release|Any CPU.ActiveCfg = Release|Any CPU
		{D6FC5C69-DB5D-4FC7-942B-44F1D2ACEBC8}.Release|Any CPU.Build.0 = Release|Any CPU
		{5CC223E7-C4EC-43F7-B7EB-5896EC266838}.Debug|Any CPU.ActiveCfg = Debug|Any CPU
		{5CC223E7-C4EC-43F7-B7EB-5896EC266838}.Debug|Any CPU.Build.0 = Debug|Any CPU
		{5CC223E7-C4EC-43F7-B7EB-5896EC266838}.Release|Any CPU.ActiveCfg = Release|Any CPU
		{5CC223E7-C4EC-43F7-B7EB-5896EC266838}.Release|Any CPU.Build.0 = Release|Any CPU
		{91424C92-97AB-4CAE-B5CB-3561B86CD29C}.Debug|Any CPU.ActiveCfg = Debug|Any CPU
		{91424C92-97AB-4CAE-B5CB-3561B86CD29C}.Debug|Any CPU.Build.0 = Debug|Any CPU
		{91424C92-97AB-4CAE-B5CB-3561B86CD29C}.Release|Any CPU.ActiveCfg = Release|Any CPU
		{91424C92-97AB-4CAE-B5CB-3561B86CD29C}.Release|Any CPU.Build.0 = Release|Any CPU
		{8E70C39D-3EF1-4867-80FB-F66519542D04}.Debug|Any CPU.ActiveCfg = Debug|Any CPU
		{8E70C39D-3EF1-4867-80FB-F66519542D04}.Debug|Any CPU.Build.0 = Debug|Any CPU
		{8E70C39D-3EF1-4867-80FB-F66519542D04}.Release|Any CPU.ActiveCfg = Release|Any CPU
		{8E70C39D-3EF1-4867-80FB-F66519542D04}.Release|Any CPU.Build.0 = Release|Any CPU
		{6C5F9B5D-0EC8-407E-A891-8C785E1C31D8}.Debug|Any CPU.ActiveCfg = Debug|Any CPU
		{6C5F9B5D-0EC8-407E-A891-8C785E1C31D8}.Debug|Any CPU.Build.0 = Debug|Any CPU
		{6C5F9B5D-0EC8-407E-A891-8C785E1C31D8}.Release|Any CPU.ActiveCfg = Release|Any CPU
		{6C5F9B5D-0EC8-407E-A891-8C785E1C31D8}.Release|Any CPU.Build.0 = Release|Any CPU
		{B936ADE1-F699-4455-ACF7-C8004B96C99F}.Debug|Any CPU.ActiveCfg = Debug|Any CPU
		{B936ADE1-F699-4455-ACF7-C8004B96C99F}.Debug|Any CPU.Build.0 = Debug|Any CPU
		{B936ADE1-F699-4455-ACF7-C8004B96C99F}.Release|Any CPU.ActiveCfg = Release|Any CPU
		{B936ADE1-F699-4455-ACF7-C8004B96C99F}.Release|Any CPU.Build.0 = Release|Any CPU
		{C7DEB422-36CC-4EFF-8F02-59BF5C68FE20}.Debug|Any CPU.ActiveCfg = Debug|Any CPU
		{C7DEB422-36CC-4EFF-8F02-59BF5C68FE20}.Debug|Any CPU.Build.0 = Debug|Any CPU
		{C7DEB422-36CC-4EFF-8F02-59BF5C68FE20}.Release|Any CPU.ActiveCfg = Release|Any CPU
		{C7DEB422-36CC-4EFF-8F02-59BF5C68FE20}.Release|Any CPU.Build.0 = Release|Any CPU
		{B76667EF-8CB7-440F-97E1-1C839AEE0CB4}.Debug|Any CPU.ActiveCfg = Debug|Any CPU
		{B76667EF-8CB7-440F-97E1-1C839AEE0CB4}.Debug|Any CPU.Build.0 = Debug|Any CPU
		{B76667EF-8CB7-440F-97E1-1C839AEE0CB4}.Release|Any CPU.ActiveCfg = Release|Any CPU
		{B76667EF-8CB7-440F-97E1-1C839AEE0CB4}.Release|Any CPU.Build.0 = Release|Any CPU
	EndGlobalSection
	GlobalSection(SolutionProperties) = preSolution
		HideSolutionNode = FALSE
	EndGlobalSection
	GlobalSection(ExtensibilityGlobals) = postSolution
		SolutionGuid = {4AAA85B5-1B33-4AF5-8310-B7CAD98369A2}
	EndGlobalSection
EndGlobal
